schema: '2.0'
stages:
  data_ingestion:
    cmd: python3 src/data_ingestion.py
    deps:
    - path: params.yaml
      hash: md5
      md5: 6663cc794554f4e1aa2a17dd32bc23c3
      size: 147
    - path: src/data_ingestion.py
      hash: md5
      md5: 862f306a32291afcc1fefca2e32f57b9
      size: 3478
    params:
      params.yaml:
        data_ingestion.test_size: 0.3
    outs:
    - path: data/raw/test.csv
      hash: md5
      md5: 983d3cb434ff2177411f2d2ac5c0bb86
      size: 143876
    - path: data/raw/train.csv
      hash: md5
      md5: 7cd9a00c305994d7b3da9d6382cfd1c7
      size: 335396
  data_preprocessing:
    cmd: python3 src/data_preprocessing.py
    deps:
    - path: data/raw/test.csv
      hash: md5
      md5: 983d3cb434ff2177411f2d2ac5c0bb86
      size: 143876
    - path: data/raw/train.csv
      hash: md5
      md5: 7cd9a00c305994d7b3da9d6382cfd1c7
      size: 335396
    - path: src/data_preprocessing.py
      hash: md5
      md5: 071a9bd5933c588253a268264538d8e0
      size: 5427
    outs:
    - path: data/interim/test_processed.csv
      hash: md5
      md5: 8449639fe6360c11b19a6c469356491b
      size: 78719
    - path: data/interim/train_processed.csv
      hash: md5
      md5: 6a5c84990e3c6816b925060b84a88789
      size: 179389
  feature_engineering:
    cmd: python3 src/feature_engineering.py
    deps:
    - path: data/interim/test_processed.csv
      hash: md5
      md5: 8449639fe6360c11b19a6c469356491b
      size: 78719
    - path: data/interim/train_processed.csv
      hash: md5
      md5: 6a5c84990e3c6816b925060b84a88789
      size: 179389
    - path: params.yaml
      hash: md5
      md5: 6663cc794554f4e1aa2a17dd32bc23c3
      size: 147
    - path: src/feature_engineering.py
      hash: md5
      md5: 5fb532a7bde1c4f5c397b08d2c906981
      size: 4905
    params:
      params.yaml:
        feature_engineering.max_features: 400
    outs:
    - path: artifacts/tfidf_vectorizer.pkl
      hash: md5
      md5: 3e3bf37addb3cece94d809194ccb72d6
      size: 14585
    - path: data/processed/test_tfidf.csv
      hash: md5
      md5: 17fb8e7afc485eefd7b87cf06238013f
      size: 2702121
    - path: data/processed/train_tfidf.csv
      hash: md5
      md5: f7ec8154cd696d582c122782345b99fe
      size: 6160366
  model_building:
    cmd: python3 src/model_building.py
    deps:
    - path: data/processed/train_tfidf.csv
      hash: md5
      md5: f7ec8154cd696d582c122782345b99fe
      size: 6160366
    - path: params.yaml
      hash: md5
      md5: 6663cc794554f4e1aa2a17dd32bc23c3
      size: 147
    - path: src/model_building.py
      hash: md5
      md5: de7b5f21464bbf80b3a266c47d16f84a
      size: 3743
    params:
      params.yaml:
        model_building.max_depth:
        model_building.n_estimators: 200
        model_building.random_state: 42
    outs:
    - path: artifacts/model.pkl
      hash: md5
      md5: 7970c46d9d0cefd888d0f3befec93e93
      size: 13177289
  model_evaluation:
    cmd: python3 src/model_evaluation.py
    deps:
    - path: artifacts/model.pkl
      hash: md5
      md5: 7970c46d9d0cefd888d0f3befec93e93
      size: 13177289
    - path: data/processed/test_tfidf.csv
      hash: md5
      md5: 17fb8e7afc485eefd7b87cf06238013f
      size: 2702121
    - path: params.yaml
      hash: md5
      md5: 6663cc794554f4e1aa2a17dd32bc23c3
      size: 147
    - path: src/model_evaluation.py
      hash: md5
      md5: 712a9cc272d9ca334fd6089cec08b3e4
      size: 4667
    outs:
    - path: dvclive/metrics.json
      hash: md5
      md5: 8226d752b353f91576688784d65c35bd
      size: 140
    - path: dvclive/plots/metrics
      hash: md5
      md5: 021d93cd423d142d549a759985c5aa66.dir
      size: 133
      nfiles: 4
